{"SurveyEntry":{"SurveyID":"SV_38YUjWscRURnvhk","SurveyName":"SMO_ITA","SurveyDescription":null,"SurveyOwnerID":"UR_cCM5UnZstpdGcaW","SurveyBrandID":"psicologiagenerale","DivisionID":null,"SurveyLanguage":"IT","SurveyActiveResponseSet":"RS_cTohzvGfgKXLktU","SurveyStatus":"Active","SurveyStartDate":"0000-00-00 00:00:00","SurveyExpirationDate":"0000-00-00 00:00:00","SurveyCreationDate":"2025-08-06 18:23:07","CreatorID":"UR_cCM5UnZstpdGcaW","LastModified":"2025-08-08 02:25:39","LastAccessed":"0000-00-00 00:00:00","LastActivated":"2025-08-06 18:23:42","Deleted":null},"SurveyElements":[{"SurveyID":"SV_38YUjWscRURnvhk","Element":"BL","PrimaryAttribute":"Survey Blocks","SecondaryAttribute":null,"TertiaryAttribute":null,"Payload":[{"Type":"Default","Description":"Bisogni","ID":"BL_269UszJRannsGYR","BlockElements":[{"Type":"Question","QuestionID":"QID33"},{"Type":"Page Break"},{"Type":"Question","QuestionID":"QID13"},{"Type":"Question","QuestionID":"QID14"},{"Type":"Question","QuestionID":"QID15"},{"Type":"Question","QuestionID":"QID16"},{"Type":"Question","QuestionID":"QID17"},{"Type":"Page Break"},{"Type":"Question","QuestionID":"QID18"},{"Type":"Question","QuestionID":"QID19"},{"Type":"Page Break"}]},{"Type":"Trash","Description":"Cestino \/ Domande non utilizzate","ID":"BL_e2sozXGhIKo1eYt","BlockElements":[{"Type":"Question","QuestionID":"QID5"},{"Type":"Question","QuestionID":"QID6"},{"Type":"Question","QuestionID":"QID7"},{"Type":"Question","QuestionID":"QID9"},{"Type":"Question","QuestionID":"QID10"},{"Type":"Question","QuestionID":"QID1"},{"Type":"Question","QuestionID":"QID2"},{"Type":"Question","QuestionID":"QID3"},{"Type":"Question","QuestionID":"QID4"},{"Type":"Question","QuestionID":"QID8"},{"Type":"Question","QuestionID":"QID26"},{"Type":"Question","QuestionID":"QID27"},{"Type":"Question","QuestionID":"QID28"},{"Type":"Question","QuestionID":"QID29"},{"Type":"Question","QuestionID":"QID31"},{"Type":"Question","QuestionID":"QID30"},{"Type":"Question","QuestionID":"QID25"},{"Type":"Question","QuestionID":"QID35"},{"Type":"Question","QuestionID":"QID20"},{"Type":"Question","QuestionID":"QID21"},{"Type":"Question","QuestionID":"QID22"},{"Type":"Question","QuestionID":"QID23"},{"Type":"Question","QuestionID":"QID24"},{"Type":"Question","QuestionID":"QID34"}]},{"Type":"Standard","Description":"Blocco 1","ID":"BL_1IkOigfcTXWxL1z","BlockElements":[{"Type":"Question","QuestionID":"QID32"},{"Type":"Page Break"},{"Type":"Question","QuestionID":"QID11"},{"Type":"Question","QuestionID":"QID12"}]}]},{"SurveyID":"SV_38YUjWscRURnvhk","Element":"FL","PrimaryAttribute":"Survey Flow","SecondaryAttribute":null,"TertiaryAttribute":null,"Payload":{"Type":"Root","FlowID":"FL_1","Flow":[{"Type":"Standard","ID":"BL_1IkOigfcTXWxL1z","FlowID":"FL_14"},{"Type":"EmbeddedData","FlowID":"FL_9","EmbeddedData":[{"Description":"p","Type":"Recipient","Field":"p","VariableType":"Nominal"}]},{"Type":"EmbeddedData","FlowID":"FL_8","EmbeddedData":[{"Description":"c","Type":"Recipient","Field":"c","VariableType":"Nominal"}]},{"Type":"EmbeddedData","FlowID":"FL_11","EmbeddedData":[{"Description":"u","Type":"Recipient","Field":"u","VariableType":"Nominal"}]},{"Type":"EmbeddedData","FlowID":"FL_10","EmbeddedData":[{"Description":"d","Type":"Recipient","Field":"d","VariableType":"Nominal"}]},{"Type":"EmbeddedData","FlowID":"FL_12","EmbeddedData":[{"Description":"av","Type":"Recipient","Field":"av","VariableType":"Nominal"}]},{"Type":"Block","ID":"BL_269UszJRannsGYR","FlowID":"FL_2"},{"Type":"EndSurvey","FlowID":"FL_4","EndingType":"Advanced","Options":{"SurveyTermination":"Redirect","EOSRedirectURL":"YOURURL?av=${e:\/\/Field\/av}&u=${e:\/\/Field\/u}&p=${e:\/\/Field\/p}&c=${e:\/\/Field\/c}"}}],"Properties":{"Count":14}}},{"SurveyID":"SV_38YUjWscRURnvhk","Element":"PL","PrimaryAttribute":"Preview Link","SecondaryAttribute":null,"TertiaryAttribute":null,"Payload":{"PreviewType":"Brand","PreviewID":"055c920b-2fdc-482b-9492-68ce970636aa"}},{"SurveyID":"SV_38YUjWscRURnvhk","Element":"PROJ","PrimaryAttribute":"CORE","SecondaryAttribute":null,"TertiaryAttribute":"1.1.0","Payload":{"ProjectCategory":"CORE","SchemaVersion":"1.1.0"}},{"SurveyID":"SV_38YUjWscRURnvhk","Element":"QC","PrimaryAttribute":"Survey Question Count","SecondaryAttribute":"35","TertiaryAttribute":null,"Payload":null},{"SurveyID":"SV_38YUjWscRURnvhk","Element":"RS","PrimaryAttribute":"RS_cTohzvGfgKXLktU","SecondaryAttribute":"Insieme di risposte predefinito","TertiaryAttribute":null,"Payload":null},{"SurveyID":"SV_38YUjWscRURnvhk","Element":"SCO","PrimaryAttribute":"Scoring","SecondaryAttribute":null,"TertiaryAttribute":null,"Payload":{"ScoringCategories":[],"ScoringCategoryGroups":[],"ScoringSummaryCategory":null,"ScoringSummaryAfterQuestions":0,"ScoringSummaryAfterSurvey":0,"DefaultScoringCategory":null,"AutoScoringCategory":null}},{"SurveyID":"SV_38YUjWscRURnvhk","Element":"SO","PrimaryAttribute":"Survey Options","SecondaryAttribute":null,"TertiaryAttribute":null,"Payload":{"BackButton":"false","SaveAndContinue":"true","SurveyProtection":"PublicSurvey","BallotBoxStuffingPrevention":"false","OneCompletePerIP":"false","SurveyExpiration":"None","SurveyTermination":"DefaultMessage","Header":"","Footer":"","ProgressBarDisplay":"None","PartialData":"+1 week","ValidationMessage":"","PreviousButton":"  <<  ","NextButton":"  >>  ","SkinLibrary":"Qualtrics","SkinType":"MQ","Skin":"v4qualtrics1","NewScoring":1,"libraryId":"","nextButtonMid":"","previousButtonMid":"","headerMid":"","footerMid":"","QuestionsPerPage":"","ExternalCSS":null,"HighlightQuestions":"off","SurveyTitle":"Sondaggio Qualtrics | Qualtrics Experience Management","SurveyMetaDescription":"La modalit\u00e0 pi\u00f9 semplice, affidabile ed efficace per raccogliere i dati delle esperienze. Scopri Experience Management e prova subito un account gratuito.","ProtectSelectionIds":true,"CustomStyles":{"customCSS":"div.InnerInner.TX.BorderColor fieldset {\n    width: 650px;\n    margin-right: 20px;\n    padding-right: 0;\n}\n\n\n#SkinContent {\n    width: 600px;\n    margin-left: 60px;\n    margin-right: 77px;\n    padding-right: 66px;\n}\n\n\ndiv.QuestionText.BorderColor {\n    margin-right: 60px;\n}\n\nhtml body {\n  padding-top: 75px;\n    background-color: #ebedf5;\n}\n\ndiv.QuestionText.BorderColor {\n    border-style: none;\n  \n}\n\nlabel.QuestionText.BorderColor {Save\n    border-style: none;\n    padding-bottom: 0;\n    padding-top: 10px;\n    margin-bottom: 0;\n}\n\ndiv.QuestionText.BorderColor div {\nfont-family: \"Helvetica Neue\", Helvetica, Arial, sans-serif !important;\nfont-size: 16px;\nline-height: 20px;\n}\n\nlabel.QuestionText.BorderColor strong {\n    border-style: none;\n}\n\nlabel.QuestionText.BorderColor {\n    border-style: none;\n}\n\ndiv.Inner.TB.BorderColor {\n    margin-bottom: 0;\n}"}}},{"SurveyID":"SV_38YUjWscRURnvhk","Element":"SQ","PrimaryAttribute":"QID1","SecondaryAttribute":"Modulo di consenso","TertiaryAttribute":null,"Payload":{"QuestionText":"Modulo di consenso","DataExportTag":"Q1","QuestionType":"MC","Selector":"SAVR","SubSelector":"TX","Configuration":{"QuestionDescriptionOption":"UseText"},"QuestionDescription":"Modulo di consenso","Choices":{"1":{"Display":"Acconsento."}},"ChoiceOrder":[1],"Validation":{"Settings":{"ForceResponse":"ON","ForceResponseType":"ON","Type":"None"}},"Language":[],"QuestionID":"QID1"}},{"SurveyID":"SV_38YUjWscRURnvhk","Element":"SQ","PrimaryAttribute":"QID10","SecondaryAttribute":"Clicca per scrivere il testo della domanda","TertiaryAttribute":null,"Payload":{"QuestionText":"Clicca per scrivere il testo della domanda","DataExportTag":"Q10","QuestionType":"MC","Selector":"SAVR","SubSelector":"TX","Configuration":{"QuestionDescriptionOption":"UseText"},"QuestionDescription":"Clicca per scrivere il testo della domanda","Choices":{"1":{"Display":"Clicca per scrivere Scelta 1"},"2":{"Display":"Clicca per scrivere Scelta 2"},"3":{"Display":"Clicca per scrivere Scelta 3"}},"ChoiceOrder":["1","2","3"],"Validation":{"Settings":{"ForceResponse":"OFF","ForceResponseType":"ON","Type":"None"}},"Language":[],"QuestionID":"QID10"}},{"SurveyID":"SV_38YUjWscRURnvhk","Element":"SQ","PrimaryAttribute":"QID11","SecondaryAttribute":"Durante l'introduzione sei riuscito\/a a leggere le descrizioni e vedere gli avatar degli altri part.","TertiaryAttribute":null,"Payload":{"QuestionText":"<div>\n\t<strong>Durante l'introduzione sei riuscito\/a a leggere le descrizioni e vedere gli avatar degli altri partecipanti?<\/strong><\/div>","DataExportTag":"Check1","QuestionType":"MC","Selector":"SAVR","SubSelector":"TX","Configuration":{"QuestionDescriptionOption":"UseText","LabelPosition":"BELOW"},"QuestionDescription":"Durante l'introduzione sei riuscito\/a a leggere le descrizioni e vedere gli avatar degli altri part...","Choices":{"1":{"Display":"S\u00ec"},"2":{"Display":"No"}},"ChoiceOrder":["1","2"],"Validation":{"Settings":{"ForceResponse":"ON","ForceResponseType":"ON","MinChoices":"1","MaxChoices":"1"}},"Language":[],"QuestionID":"QID11"}},{"SurveyID":"SV_38YUjWscRURnvhk","Element":"SQ","PrimaryAttribute":"QID12","SecondaryAttribute":"Durante l'introduzione, sei riuscito\/a a mettere \"mi piace\" ai post delle altre persone e vedere i..","TertiaryAttribute":null,"Payload":{"QuestionText":"<div>\n\t<span style=\"font-size:16px;\"><strong>Durante l'introduzione, sei riuscito\/a a mettere \"mi piace\" ai post delle altre persone e vedere i loro \"mi piace\" e i tuoi?<\/strong><\/span><\/div>","DataExportTag":"Check2","QuestionType":"MC","Selector":"SAVR","SubSelector":"TX","Configuration":{"QuestionDescriptionOption":"UseText","LabelPosition":"BELOW"},"QuestionDescription":"Durante l'introduzione, sei riuscito\/a a mettere \"mi piace\" ai post delle altre persone e vedere i...","Choices":{"1":{"Display":"S\u00ec"},"2":{"Display":"No"}},"ChoiceOrder":["1","2"],"Validation":{"Settings":{"ForceResponse":"ON","ForceResponseType":"ON","MinChoices":"1","MaxChoices":"1"}},"Language":[],"QuestionID":"QID12"}},{"SurveyID":"SV_38YUjWscRURnvhk","Element":"SQ","PrimaryAttribute":"QID13","SecondaryAttribute":"Per ogni affermazione, usa la scala per indicare i sentimenti che stavi provando DURANTE la part...","TertiaryAttribute":null,"Payload":{"QuestionText":"Per ogni affermazione, usa la scala per indicare i <em>sentimenti <\/em>che&nbsp;stavi&nbsp;provando&nbsp;<strong>DURANTE la&nbsp;parte di introduzione<br>\n&nbsp;&nbsp;<\/strong>","DefaultChoices":false,"DataExportTag":"Nbelong1","QuestionType":"Matrix","Selector":"Likert","SubSelector":"SingleAnswer","Configuration":{"QuestionDescriptionOption":"UseText","TextPosition":"inline","ChoiceColumnWidth":25,"RepeatHeaders":"none","WhiteSpace":"OFF","ChoiceColumnWidthPixels":197},"QuestionDescription":"Per ogni affermazione, usa la scala per indicare i sentimenti che stavi provando DURANTE la part...","Choices":{"1":{"Display":"Mi sono sentito\/a \"scollegato\/a\""},"2":{"Display":"Mi sono sentito\/a rifiutato\/a"},"3":{"Display":"Mi sono sentito\/a escluso\/a"},"4":{"Display":"Ho sentito di appartenere al gruppo"},"5":{"Display":"Sento che le altre persone del gruppo interagirebbero molto con me"}},"ChoiceOrder":[1,2,3,4,5],"Validation":{"Settings":{"ForceResponse":"ON","ForceResponseType":"ON","Type":"None"}},"GradingData":[],"Language":[],"Answers":{"1":{"Display":"Per&nbsp;niente"},"2":{"Display":"&nbsp;"},"3":{"Display":"&nbsp;"},"4":{"Display":"&nbsp;"},"5":{"Display":"Moltissimo"}},"AnswerOrder":[1,2,3,4,5],"ChoiceDataExportTags":false,"QuestionID":"QID13"}},{"SurveyID":"SV_38YUjWscRURnvhk","Element":"SQ","PrimaryAttribute":"QID14","SecondaryAttribute":" ","TertiaryAttribute":null,"Payload":{"QuestionText":"&nbsp;","DefaultChoices":false,"DataExportTag":"Nsest1","QuestionType":"Matrix","Selector":"Likert","SubSelector":"SingleAnswer","Configuration":{"QuestionDescriptionOption":"UseText","TextPosition":"inline","ChoiceColumnWidth":25,"RepeatHeaders":"none","WhiteSpace":"OFF","ChoiceColumnWidthPixels":198},"QuestionDescription":" ","Choices":{"1":{"Display":"Mi sono sentito\/a bene con me stesso\/a"},"2":{"Display":"La mia autostima era alta"},"3":{"Display":"Mi sono sentito\/a apprezzato\/a"},"4":{"Display":"Mi sono sentito\/a insicuro\/a"},"5":{"Display":"Mi sono sentito\/a soddisfatto\/a"}},"ChoiceOrder":[1,2,3,4,5],"Validation":{"Settings":{"ForceResponse":"ON","ForceResponseType":"ON","Type":"None"}},"GradingData":[],"Language":[],"Answers":{"1":{"Display":"Per&nbsp;niente"},"2":{"Display":"&nbsp;"},"3":{"Display":"&nbsp;"},"4":{"Display":"&nbsp;"},"5":{"Display":"Moltissimo"}},"AnswerOrder":[1,2,3,4,5],"ChoiceDataExportTags":false,"QuestionID":"QID14"}},{"SurveyID":"SV_38YUjWscRURnvhk","Element":"SQ","PrimaryAttribute":"QID15","SecondaryAttribute":" ","TertiaryAttribute":null,"Payload":{"QuestionText":"&nbsp;","DefaultChoices":false,"DataExportTag":"Nmexist1","QuestionType":"Matrix","Selector":"Likert","SubSelector":"SingleAnswer","Configuration":{"QuestionDescriptionOption":"UseText","TextPosition":"inline","ChoiceColumnWidth":25,"RepeatHeaders":"none","WhiteSpace":"OFF","ChoiceColumnWidthPixels":198},"QuestionDescription":" ","Choices":{"1":{"Display":"Mi sono sentito\/a invisibile"},"2":{"Display":"Mi sono sentito\/a privo\/a di significato"},"3":{"Display":"Mi sono sentito\/a inesistente"},"4":{"Display":"Mi sono sentito\/a importante"},"5":{"Display":"Mi sono sentito\/a utile"}},"ChoiceOrder":[1,2,3,4,5],"Validation":{"Settings":{"ForceResponse":"ON","ForceResponseType":"ON","Type":"None"}},"GradingData":[],"Language":[],"Answers":{"1":{"Display":"Per&nbsp;niente"},"2":{"Display":"&nbsp;"},"3":{"Display":"&nbsp;"},"4":{"Display":"&nbsp;"},"5":{"Display":"Moltissimo"}},"AnswerOrder":[1,2,3,4,5],"ChoiceDataExportTags":false,"QuestionID":"QID15"}},{"SurveyID":"SV_38YUjWscRURnvhk","Element":"SQ","PrimaryAttribute":"QID16","SecondaryAttribute":" ","TertiaryAttribute":null,"Payload":{"QuestionText":"&nbsp;","DefaultChoices":false,"DataExportTag":"Nctrl1","QuestionType":"Matrix","Selector":"Likert","SubSelector":"SingleAnswer","Configuration":{"QuestionDescriptionOption":"UseText","TextPosition":"inline","ChoiceColumnWidth":25,"RepeatHeaders":"none","WhiteSpace":"OFF","ChoiceColumnWidthPixels":197},"QuestionDescription":" ","Choices":{"1":{"Display":"Mi sono sentito\/a potente"},"2":{"Display":"Ho sentito di avere controllo sul corso dell'interazione"},"3":{"Display":"Ho sentito di avere la capacit\u00e0 di influenzare significativamente gli eventi"},"4":{"Display":"Ho sentito di non riuscire a influenzare le azioni degli altri"},"5":{"Display":"Ho sentito che le altre persone del gruppo decidevano tutto"}},"ChoiceOrder":[1,2,3,4,5],"Validation":{"Settings":{"ForceResponse":"ON","ForceResponseType":"ON","Type":"None"}},"GradingData":[],"Language":[],"Answers":{"1":{"Display":"Per&nbsp;niente"},"2":{"Display":"&nbsp;"},"3":{"Display":"&nbsp;"},"4":{"Display":"&nbsp;"},"5":{"Display":"Moltissimo"}},"AnswerOrder":[1,2,3,4,5],"ChoiceDataExportTags":false,"QuestionID":"QID16"}},{"SurveyID":"SV_38YUjWscRURnvhk","Element":"SQ","PrimaryAttribute":"QID17","SecondaryAttribute":"Umore","TertiaryAttribute":null,"Payload":{"QuestionText":"<div style=\"text-align: center;\">\n\t<strong>Umore<\/strong><\/div>","DefaultChoices":false,"DataExportTag":"Mood1","QuestionType":"Matrix","Selector":"Likert","SubSelector":"SingleAnswer","Configuration":{"QuestionDescriptionOption":"UseText","TextPosition":"inline","ChoiceColumnWidth":25,"RepeatHeaders":"none","WhiteSpace":"OFF","ChoiceColumnWidthPixels":53},"QuestionDescription":"Umore","Choices":{"1":{"Display":"Buono"},"2":{"Display":"Cattivo"},"3":{"Display":"Amichevole"},"4":{"Display":"Ostile"},"5":{"Display":"Arrabbiato"},"6":{"Display":"Piacevole"},"7":{"Display":"Felice"},"8":{"Display":"Triste"}},"ChoiceOrder":[1,2,3,4,5,6,7,8],"Validation":{"Settings":{"ForceResponse":"ON","ForceResponseType":"ON","Type":"None"}},"GradingData":[],"Language":[],"Answers":{"1":{"Display":"Per&nbsp;niente"},"2":{"Display":"&nbsp;"},"3":{"Display":"&nbsp;"},"4":{"Display":"&nbsp;"},"5":{"Display":"Moltissimo"}},"AnswerOrder":[1,2,3,4,5],"ChoiceDataExportTags":false,"QuestionID":"QID17"}},{"SurveyID":"SV_38YUjWscRURnvhk","Element":"SQ","PrimaryAttribute":"QID18","SecondaryAttribute":"Per le prossime domande, scegli il numero che meglio rappresenta i pensieri che stavi provando DU...","TertiaryAttribute":null,"Payload":{"QuestionText":"Per le prossime domande, scegli il numero che meglio rappresenta i&nbsp;<em>pensieri&nbsp;<\/em>che&nbsp;stavi&nbsp;provando&nbsp;<strong>DURANTE la&nbsp;parte di introduzione<\/strong>","DefaultChoices":false,"DataExportTag":"Q26","QuestionType":"Matrix","Selector":"Likert","SubSelector":"SingleAnswer","Configuration":{"QuestionDescriptionOption":"UseText","TextPosition":"inline","ChoiceColumnWidth":25,"RepeatHeaders":"none","WhiteSpace":"OFF","ChoiceColumnWidthPixels":184},"QuestionDescription":"Per le prossime domande, scegli il numero che meglio rappresenta i pensieri che stavi provando DU...","Choices":{"1":{"Display":"Sono stato\/a ignorato\/a"},"2":{"Display":"Sono stato\/a escluso\/a"},"3":{"Display":"Agli altri \u00e8 piaciuta la mia descrizione"}},"ChoiceOrder":[1,2,3],"Validation":{"Settings":{"ForceResponse":"ON","ForceResponseType":"ON","Type":"None"}},"GradingData":[],"Language":[],"Answers":{"1":{"Display":"Per&nbsp;niente"},"2":{"Display":"&nbsp;"},"3":{"Display":"&nbsp;"},"4":{"Display":"&nbsp;"},"5":{"Display":"Moltissimo"}},"AnswerOrder":["1","2","3","4","5"],"ChoiceDataExportTags":false,"QuestionID":"QID18"}},{"SurveyID":"SV_38YUjWscRURnvhk","Element":"SQ","PrimaryAttribute":"QID19","SecondaryAttribute":"Considerando che c'era un numero medio di \"mi piace\" nel compito di introduzione (ad esempio, cir...","TertiaryAttribute":null,"Payload":{"QuestionText":"<strong>Considerando che c'era un numero medio di \"mi piace\" nel compito di introduzione (ad esempio, circa 5), come considereresti il numero di \"mi piace\" che hai ricevuto?<\/strong>","DefaultChoices":false,"DataExportTag":"Q28","QuestionID":"QID19","QuestionType":"MC","Selector":"SAVR","SubSelector":"TX","Configuration":{"QuestionDescriptionOption":"UseText"},"QuestionDescription":"Considerando che c'era un numero medio di \"mi piace\" nel compito di introduzione (ad esempio, cir...","Choices":{"1":{"Display":"Sotto la media"},"2":{"Display":"Nella media"},"3":{"Display":"Sopra la media"}},"ChoiceOrder":["1","2","3"],"Validation":{"Settings":{"ForceResponse":"ON","ForceResponseType":"ON","Type":"None"}},"GradingData":[],"Language":[]}},{"SurveyID":"SV_38YUjWscRURnvhk","Element":"SQ","PrimaryAttribute":"QID2","SecondaryAttribute":"Questo studio utilizza una piattaforma di social media. Rispondi ad alcune domande riguardo al tu...","TertiaryAttribute":null,"Payload":{"QuestionText":"<strong>Questo studio utilizza una piattaforma di social media. Rispondi ad alcune domande riguardo al tuo uso dei social media.<\/strong>","DefaultChoices":false,"DataExportTag":"Q2","QuestionType":"DB","Selector":"TB","Configuration":{"QuestionDescriptionOption":"UseText"},"QuestionDescription":"Questo studio utilizza una piattaforma di social media. Rispondi ad alcune domande riguardo al tu...","ChoiceOrder":[],"Validation":{"Settings":{"Type":"None"}},"GradingData":[],"Language":[],"QuestionID":"QID2"}},{"SurveyID":"SV_38YUjWscRURnvhk","Element":"SQ","PrimaryAttribute":"QID20","SecondaryAttribute":"Usa la scala per indicare quanto ogni affermazione rappresenti i sentimenti che stai provando ADO...","TertiaryAttribute":null,"Payload":{"QuestionText":"<div>\n\tUsa la scala per indicare quanto ogni affermazione rappresenti i&nbsp;<em>sentimenti&nbsp;<\/em>che&nbsp;stai provando&nbsp;<strong>ADESSO&nbsp;<\/strong><\/div>","DefaultChoices":false,"DataExportTag":"Nbelong2","QuestionType":"Matrix","Selector":"Likert","SubSelector":"SingleAnswer","Configuration":{"QuestionDescriptionOption":"UseText","TextPosition":"inline","ChoiceColumnWidth":25,"RepeatHeaders":"none","WhiteSpace":"OFF","ChoiceColumnWidthPixels":195},"QuestionDescription":"Usa la scala per indicare quanto ogni affermazione rappresenti i sentimenti che stai provando ADO...","Choices":{"1":{"Display":"Mi sento \"scollegato\/a\""},"2":{"Display":"Mi sento rifiutato\/a"},"3":{"Display":"Mi sento escluso\/a"},"4":{"Display":"Sento di appartenere al gruppo"},"5":{"Display":"Sento che le altre persone del gruppo interagirebbero molto con me"}},"ChoiceOrder":[1,2,3,4,5],"Validation":{"Settings":{"ForceResponse":"ON","ForceResponseType":"ON","Type":"None"}},"GradingData":[],"Language":[],"Answers":{"1":{"Display":"Per&nbsp;niente"},"2":{"Display":"&nbsp;"},"3":{"Display":"&nbsp;"},"4":{"Display":"&nbsp;"},"5":{"Display":"Moltissimo"}},"AnswerOrder":[1,2,3,4,5],"ChoiceDataExportTags":false,"QuestionID":"QID20"}},{"SurveyID":"SV_38YUjWscRURnvhk","Element":"SQ","PrimaryAttribute":"QID21","SecondaryAttribute":" ","TertiaryAttribute":null,"Payload":{"QuestionText":"&nbsp;","DefaultChoices":false,"DataExportTag":"Nsest2","QuestionType":"Matrix","Selector":"Likert","SubSelector":"SingleAnswer","Configuration":{"QuestionDescriptionOption":"UseText","TextPosition":"inline","ChoiceColumnWidth":25,"RepeatHeaders":"none","WhiteSpace":"OFF","ChoiceColumnWidthPixels":197},"QuestionDescription":" ","Choices":{"1":{"Display":"Mi sento bene con me stesso\/a"},"2":{"Display":"La mia autostima \u00e8 alta"},"3":{"Display":"Mi sento apprezzato\/a"},"4":{"Display":"Mi sento insicuro\/a"},"5":{"Display":"Mi sento soddisfatto\/a"}},"ChoiceOrder":[1,2,3,4,5],"Validation":{"Settings":{"ForceResponse":"ON","ForceResponseType":"ON","Type":"None"}},"GradingData":[],"Language":[],"Answers":{"1":{"Display":"Per&nbsp;niente"},"2":{"Display":"&nbsp;"},"3":{"Display":"&nbsp;"},"4":{"Display":"&nbsp;"},"5":{"Display":"Moltissimo"}},"AnswerOrder":[1,2,3,4,5],"ChoiceDataExportTags":false,"QuestionID":"QID21"}},{"SurveyID":"SV_38YUjWscRURnvhk","Element":"SQ","PrimaryAttribute":"QID22","SecondaryAttribute":" ","TertiaryAttribute":null,"Payload":{"QuestionText":"&nbsp;","DefaultChoices":false,"DataExportTag":"Nmexsit2","QuestionType":"Matrix","Selector":"Likert","SubSelector":"SingleAnswer","Configuration":{"QuestionDescriptionOption":"UseText","TextPosition":"inline","ChoiceColumnWidth":25,"RepeatHeaders":"none","WhiteSpace":"OFF","ChoiceColumnWidthPixels":201},"QuestionDescription":" ","Choices":{"1":{"Display":"Mi sento invisibile"},"2":{"Display":"Mi sento privo\/a di significato"},"3":{"Display":"Mi sento inesistente"},"4":{"Display":"Mi sento importante"},"5":{"Display":"Mi sento utile"}},"ChoiceOrder":[1,2,3,4,5],"Validation":{"Settings":{"ForceResponse":"ON","ForceResponseType":"ON","Type":"None"}},"GradingData":[],"Language":[],"Answers":{"1":{"Display":"Per&nbsp;niente"},"2":{"Display":"&nbsp;"},"3":{"Display":"&nbsp;"},"4":{"Display":"&nbsp;"},"5":{"Display":"Moltissimo"}},"AnswerOrder":[1,2,3,4,5],"ChoiceDataExportTags":false,"QuestionID":"QID22"}},{"SurveyID":"SV_38YUjWscRURnvhk","Element":"SQ","PrimaryAttribute":"QID23","SecondaryAttribute":" ","TertiaryAttribute":null,"Payload":{"QuestionText":"&nbsp;","DefaultChoices":false,"DataExportTag":"Nctrl2","QuestionType":"Matrix","Selector":"Likert","SubSelector":"SingleAnswer","Configuration":{"QuestionDescriptionOption":"UseText","TextPosition":"inline","ChoiceColumnWidth":25,"RepeatHeaders":"none","WhiteSpace":"OFF","ChoiceColumnWidthPixels":202},"QuestionDescription":" ","Choices":{"1":{"Display":"Mi sento potente"},"2":{"Display":"Sento di avere controllo sul corso degli eventi"},"3":{"Display":"Sento di avere la capacit\u00e0 di influenzare significativamente gli eventi"},"4":{"Display":"Sento di non riuscire a influenzare le azioni degli altri"},"5":{"Display":"Sento che gli altri decidono tutto"}},"ChoiceOrder":[1,2,3,4,5],"Validation":{"Settings":{"ForceResponse":"ON","ForceResponseType":"ON","Type":"None"}},"GradingData":[],"Language":[],"Answers":{"1":{"Display":"Per&nbsp;niente"},"2":{"Display":"&nbsp;"},"3":{"Display":"&nbsp;"},"4":{"Display":"&nbsp;"},"5":{"Display":"Moltissimo"}},"AnswerOrder":[1,2,3,4,5],"ChoiceDataExportTags":false,"QuestionID":"QID23"}},{"SurveyID":"SV_38YUjWscRURnvhk","Element":"SQ","PrimaryAttribute":"QID24","SecondaryAttribute":"Umore","TertiaryAttribute":null,"Payload":{"QuestionText":"<div style=\"text-align: center;\">\n\t<strong>Umore<\/strong><\/div>","DefaultChoices":false,"DataExportTag":"Mood2","QuestionType":"Matrix","Selector":"Likert","SubSelector":"SingleAnswer","Configuration":{"QuestionDescriptionOption":"UseText","TextPosition":"inline","ChoiceColumnWidth":25,"RepeatHeaders":"none","WhiteSpace":"OFF"},"QuestionDescription":"Umore","Choices":{"1":{"Display":"Buono"},"2":{"Display":"Cattivo"},"3":{"Display":"Amichevole"},"4":{"Display":"Ostile"},"5":{"Display":"Arrabbiato"},"6":{"Display":"Piacevole"},"7":{"Display":"Felice"},"8":{"Display":"Triste"}},"ChoiceOrder":[1,2,3,4,5,6,7,8],"Validation":{"Settings":{"ForceResponse":"ON","ForceResponseType":"ON","Type":"None"}},"GradingData":[],"Language":[],"Answers":{"1":{"Display":"Per&nbsp;niente"},"2":{"Display":"&nbsp;"},"3":{"Display":"&nbsp;"},"4":{"Display":"&nbsp;"},"5":{"Display":"Moltissimo"}},"AnswerOrder":[1,2,3,4,5],"ChoiceDataExportTags":false,"QuestionID":"QID24"}},{"SurveyID":"SV_38YUjWscRURnvhk","Element":"SQ","PrimaryAttribute":"QID25","SecondaryAttribute":"Prima di iniziare il prossimo compito, rispondi alle seguenti domande sulla tua esperienza con il...","TertiaryAttribute":null,"Payload":{"QuestionText":"<strong><span style=\"font-size:22px;\">Prima di iniziare il prossimo compito, rispondi alle seguenti domande sulla tua esperienza con il gruppo.<br>\n<br>\nLe tue risposte sono completamente anonime e non influenzeranno il tuo ruolo o la tua partecipazione allo studio in alcun modo.<\/span><\/strong>","DefaultChoices":false,"DataExportTag":"Q39","QuestionType":"DB","Selector":"TB","Configuration":{"QuestionDescriptionOption":"UseText"},"QuestionDescription":"Prima di iniziare il prossimo compito, rispondi alle seguenti domande sulla tua esperienza con il...","ChoiceOrder":[],"Validation":{"Settings":{"Type":"None"}},"GradingData":[],"Language":[],"QuestionID":"QID25"}},{"SurveyID":"SV_38YUjWscRURnvhk","Element":"SQ","PrimaryAttribute":"QID26","SecondaryAttribute":"Clicca per scrivere il testo della domanda","TertiaryAttribute":null,"Payload":{"QuestionText":"Clicca per scrivere il testo della domanda","DataExportTag":"Q26","QuestionType":"MC","Selector":"SAVR","SubSelector":"TX","Configuration":{"QuestionDescriptionOption":"UseText"},"QuestionDescription":"Clicca per scrivere il testo della domanda","Choices":{"1":{"Display":"Clicca per scrivere Scelta 1"},"2":{"Display":"Clicca per scrivere Scelta 2"},"3":{"Display":"Clicca per scrivere Scelta 3"}},"ChoiceOrder":["1","2","3"],"Validation":{"Settings":{"ForceResponse":"OFF","ForceResponseType":"ON","Type":"None"}},"Language":[],"QuestionID":"QID26"}},{"SurveyID":"SV_38YUjWscRURnvhk","Element":"SQ","PrimaryAttribute":"QID27","SecondaryAttribute":"Clicca per scrivere il testo della domanda${e:\/\/Field\/participant}","TertiaryAttribute":null,"Payload":{"QuestionText":"Clicca per scrivere il testo della domanda${e:\/\/Field\/participant}","DataExportTag":"Q27","QuestionType":"MC","Selector":"SAVR","SubSelector":"TX","Configuration":{"QuestionDescriptionOption":"UseText"},"QuestionDescription":"Clicca per scrivere il testo della domanda${e:\/\/Field\/participant}","Choices":{"1":{"Display":"Clicca per scrivere Scelta 1"},"2":{"Display":"Clicca per scrivere Scelta 2"},"3":{"Display":"Clicca per scrivere Scelta 3"}},"ChoiceOrder":["1","2","3"],"Validation":{"Settings":{"ForceResponse":"OFF","ForceResponseType":"ON","Type":"None"}},"Language":[],"QuestionID":"QID27"}},{"SurveyID":"SV_38YUjWscRURnvhk","Element":"SQ","PrimaryAttribute":"QID28","SecondaryAttribute":"Clicca per scrivere il testo della domanda${e:\/\/Field\/p}${e:\/\/Field\/c}","TertiaryAttribute":null,"Payload":{"QuestionText":"Clicca per scrivere il testo della domanda${e:\/\/Field\/p}${e:\/\/Field\/c}","DataExportTag":"Q28","QuestionType":"MC","Selector":"SAVR","SubSelector":"TX","Configuration":{"QuestionDescriptionOption":"UseText"},"QuestionDescription":"Clicca per scrivere il testo della domanda${e:\/\/Field\/p}${e:\/\/Field\/c}","Choices":{"1":{"Display":"Clicca per scrivere Scelta 1"},"2":{"Display":"Clicca per scrivere Scelta 2"},"3":{"Display":"Clicca per scrivere Scelta 3"}},"ChoiceOrder":["1","2","3"],"Validation":{"Settings":{"ForceResponse":"OFF","ForceResponseType":"ON","Type":"None"}},"Language":[],"QuestionID":"QID28"}},{"SurveyID":"SV_38YUjWscRURnvhk","Element":"SQ","PrimaryAttribute":"QID29","SecondaryAttribute":"Clicca per scrivere il testo della domanda","TertiaryAttribute":null,"Payload":{"QuestionText":"Clicca per scrivere il testo della domanda","DataExportTag":"Q29","QuestionType":"MC","Selector":"SAVR","SubSelector":"TX","Configuration":{"QuestionDescriptionOption":"UseText"},"QuestionDescription":"Clicca per scrivere il testo della domanda","Choices":{"1":{"Display":"Clicca per scrivere Scelta 1"},"2":{"Display":"Clicca per scrivere Scelta 2"},"3":{"Display":"Clicca per scrivere Scelta 3"}},"ChoiceOrder":["1","2","3"],"Validation":{"Settings":{"ForceResponse":"OFF","ForceResponseType":"ON","Type":"None"}},"Language":[],"QuestionID":"QID29"}},{"SurveyID":"SV_38YUjWscRURnvhk","Element":"SQ","PrimaryAttribute":"QID3","SecondaryAttribute":"Quali dei seguenti strumenti di social media utilizzi? (Scegli tutte le opzioni applicabili) Puoi...","TertiaryAttribute":null,"Payload":{"QuestionText":"<div>\n\t<strong>Quali dei seguenti strumenti di social media utilizzi? (Scegli tutte le opzioni applicabili)<\/strong><\/div><div><b>Puoi anche selezionare i siti web che conosci e che sai usare.&nbsp;<\/b><\/div>","DataExportTag":"Q3","QuestionType":"MC","Selector":"MAVR","SubSelector":"TX","Configuration":{"QuestionDescriptionOption":"UseText"},"QuestionDescription":"Quali dei seguenti strumenti di social media utilizzi? (Scegli tutte le opzioni applicabili) Puoi...","Choices":{"1":{"Display":"Facebook"},"2":{"Display":"Google+"},"3":{"Display":"LinkedIn"},"4":{"Display":"YouTube"},"5":{"Display":"Flickr"},"6":{"Display":"Tumblr"},"7":{"Display":"Twitter"},"8":{"Display":"Instagram"},"9":{"Display":"Altro"},"10":{"Display":"<b><i>Non<\/i> utilizzo siti di social network (e non li conosco)."}},"ChoiceOrder":[1,2,3,4,5,6,7,8,9,10],"Validation":{"Settings":{"ForceResponse":"OFF","ForceResponseType":"ON","Type":"None"}},"Language":[],"QuestionID":"QID3","DefaultChoices":false,"GradingData":[]}},{"SurveyID":"SV_38YUjWscRURnvhk","Element":"SQ","PrimaryAttribute":"QID30","SecondaryAttribute":"Vogliamo escludere i partecipanti disattenti, lascia vuote tutte e tre le opzioni sotto (cio\u00e8, se..","TertiaryAttribute":null,"Payload":{"QuestionText":"Vogliamo escludere i partecipanti disattenti, lascia vuote tutte e tre le opzioni sotto (cio\u00e8, senza cliccare da nessuna parte sulle scale.&nbsp;","DefaultChoices":false,"DataExportTag":"IMC","QuestionType":"Matrix","Selector":"Likert","SubSelector":"SingleAnswer","Configuration":{"QuestionDescriptionOption":"UseText","TextPosition":"inline","ChoiceColumnWidth":25,"RepeatHeaders":"none","WhiteSpace":"OFF"},"QuestionDescription":"Vogliamo escludere i partecipanti disattenti, lascia vuote tutte e tre le opzioni sotto (cio\u00e8, se...","Choices":{"1":{"Display":"Mi sono sentito\/a rifiutato\/a"},"2":{"Display":"Queste domande dovrebbero rimanere senza risposta"},"3":{"Display":"Mi sono sentito\/a potente"}},"ChoiceOrder":[1,2,3],"Validation":{"Settings":{"ForceResponse":"OFF","ForceResponseType":"ON","Type":"None","MinChoices":null}},"GradingData":[],"Language":[],"Answers":{"1":{"Display":"1 - Per niente"},"2":{"Display":"2"},"3":{"Display":"3"},"4":{"Display":"4"},"5":{"Display":"5 - Moltissimo"}},"AnswerOrder":["1","2","3","4","5"],"ChoiceDataExportTags":false,"QuestionID":"QID30"}},{"SurveyID":"SV_38YUjWscRURnvhk","Element":"SQ","PrimaryAttribute":"QID31","SecondaryAttribute":"Lascia questa domanda vuota, senza selezionare alcuna opzione, vogliamo escludere i partecipanti d..","TertiaryAttribute":null,"Payload":{"QuestionText":"Lascia questa domanda vuota, senza selezionare alcuna opzione, vogliamo escludere i partecipanti disattenti.&nbsp;","DataExportTag":"Q31","QuestionType":"MC","Selector":"MAVR","SubSelector":"TX","Configuration":{"QuestionDescriptionOption":"UseText"},"QuestionDescription":"Lascia questa domanda vuota, senza selezionare alcuna opzione, vogliamo escludere i partecipanti d...","Choices":{"1":{"Display":"S\u00ec"},"2":{"Display":"No"}},"ChoiceOrder":["1","2"],"Validation":{"Settings":{"ForceResponse":"OFF","ForceResponseType":"ON","Type":"None"}},"Language":[],"QuestionID":"QID31"}},{"SurveyID":"SV_38YUjWscRURnvhk","Element":"SQ","PrimaryAttribute":"QID32","SecondaryAttribute":"Prima di iniziare il prossimo compito, rispondi alle seguenti domande sulla tua esperienza con il...","TertiaryAttribute":null,"Payload":{"QuestionText":"<span style=\"font-size:22px;\"><strong>Prima di iniziare il prossimo compito, rispondi alle seguenti domande sulla tua esperienza con il gruppo.<\/strong><br \/>\n<br \/>\n<span style=\"font-size:16px;\">Le tue risposte sono completamente anonime e non influenzeranno il tuo ruolo o la tua partecipazione allo studio in alcun modo.<\/span><\/span>","DefaultChoices":false,"DataExportTag":"NULL2","QuestionType":"DB","Selector":"TB","Configuration":{"QuestionDescriptionOption":"UseText"},"QuestionDescription":"Prima di iniziare il prossimo compito, rispondi alle seguenti domande sulla tua esperienza con il...","ChoiceOrder":[],"Validation":{"Settings":{"Type":"None"}},"GradingData":[],"Language":[],"QuestionID":"QID32"}},{"SurveyID":"SV_38YUjWscRURnvhk","Element":"SQ","PrimaryAttribute":"QID33","SecondaryAttribute":"Di seguito troverai alcune affermazioni sui sentimenti che stavi provando durante la prima parte...","TertiaryAttribute":null,"Payload":{"QuestionText":"<span style=\"font-size:19px;\">Di seguito troverai alcune affermazioni sui <em>sentimenti<\/em>&nbsp;<\/span><div><span style=\"font-size:19px;\">che stavi provando durante la prima parte, quella di introduzione.<br>\n<br>\nUsa la scala corrispondente per indicare quanto ogni affermazione rappresenti i tuoi <em>sentimenti<\/em>&nbsp;<\/span><div><span style=\"font-size:19px;\"><strong>durante il compito<\/strong>.<\/span><\/div><\/div>","DefaultChoices":false,"DataExportTag":"Q33","QuestionType":"DB","Selector":"TB","Configuration":{"QuestionDescriptionOption":"UseText"},"QuestionDescription":"Di seguito troverai alcune affermazioni sui sentimenti che stavi provando durante la prima parte...","ChoiceOrder":[],"Validation":{"Settings":{"Type":"None"}},"GradingData":[],"Language":[],"QuestionID":"QID33"}},{"SurveyID":"SV_38YUjWscRURnvhk","Element":"SQ","PrimaryAttribute":"QID34","SecondaryAttribute":"Clicca per scrivere il testo della domanda","TertiaryAttribute":null,"Payload":{"QuestionText":"Clicca per scrivere il testo della domanda","DefaultChoices":false,"DataExportTag":"Q34","QuestionType":"DB","Selector":"TB","Configuration":{"QuestionDescriptionOption":"UseText"},"QuestionDescription":"Clicca per scrivere il testo della domanda","ChoiceOrder":[],"Validation":{"Settings":{"Type":"None"}},"GradingData":[],"Language":[],"QuestionID":"QID34"}},{"SurveyID":"SV_38YUjWscRURnvhk","Element":"SQ","PrimaryAttribute":"QID35","SecondaryAttribute":"Il seguente set di affermazioni \u00e8 molto simile a quelle che hai appena completato. Usa le scale p..","TertiaryAttribute":null,"Payload":{"QuestionText":"<span style=\"font-size:19px;\">Il seguente set di affermazioni \u00e8 molto simile a&nbsp;<\/span><span style=\"font-size: 19px;\">quelle&nbsp;<\/span><div><span style=\"font-size: 19px;\">che hai appena completato.&nbsp;<\/span><span style=\"font-size: 19px;\">Usa le scale&nbsp;<\/span><span style=\"font-size: 19px;\">per indicare i&nbsp;<\/span><\/div><div><em style=\"font-size: 19px;\">sentimenti<\/em><span style=\"font-size: 19px;\">&nbsp;che stai provando ADESSO.<\/span><\/div>","DefaultChoices":false,"DataExportTag":"Q35","QuestionType":"DB","Selector":"TB","Configuration":{"QuestionDescriptionOption":"UseText"},"QuestionDescription":"Il seguente set di affermazioni \u00e8 molto simile a quelle che hai appena completato. Usa le scale p...","ChoiceOrder":[],"Validation":{"Settings":{"Type":"None"}},"GradingData":[],"Language":[],"QuestionID":"QID35"}},{"SurveyID":"SV_38YUjWscRURnvhk","Element":"SQ","PrimaryAttribute":"QID4","SecondaryAttribute":"Se hai selezionato \"Altro\", specificare.","TertiaryAttribute":null,"Payload":{"QuestionText":"Se hai selezionato \"Altro\", specificare.","DefaultChoices":false,"DataExportTag":"Q4","QuestionType":"TE","Selector":"SL","Configuration":{"QuestionDescriptionOption":"UseText"},"QuestionDescription":"Se hai selezionato \"Altro\", specificare.","Validation":{"Settings":{"ForceResponse":"OFF","ForceResponseType":"ON","Type":"None"}},"GradingData":[],"Language":[],"QuestionID":"QID4"}},{"SurveyID":"SV_38YUjWscRURnvhk","Element":"SQ","PrimaryAttribute":"QID5","SecondaryAttribute":"Clicca per scrivere il testo della domanda","TertiaryAttribute":null,"Payload":{"QuestionText":"Clicca per scrivere il testo della domanda","DataExportTag":"Q5","QuestionType":"MC","Selector":"SAVR","SubSelector":"TX","Configuration":{"QuestionDescriptionOption":"UseText"},"QuestionDescription":"Clicca per scrivere il testo della domanda","Choices":{"1":{"Display":"Clicca per scrivere Scelta 1"},"2":{"Display":"Clicca per scrivere Scelta 2"},"3":{"Display":"Clicca per scrivere Scelta 3"}},"ChoiceOrder":["1","2","3"],"Validation":{"Settings":{"ForceResponse":"OFF","ForceResponseType":"ON","Type":"None"}},"Language":[],"QuestionID":"QID5"}},{"SurveyID":"SV_38YUjWscRURnvhk","Element":"SQ","PrimaryAttribute":"QID6","SecondaryAttribute":"Clicca per scrivere il testo della domanda","TertiaryAttribute":null,"Payload":{"QuestionText":"Clicca per scrivere il testo della domanda","DataExportTag":"Q6","QuestionType":"MC","Selector":"SAVR","SubSelector":"TX","Configuration":{"QuestionDescriptionOption":"UseText"},"QuestionDescription":"Clicca per scrivere il testo della domanda","Choices":{"1":{"Display":"Clicca per scrivere Scelta 1"},"2":{"Display":"Clicca per scrivere Scelta 2"},"3":{"Display":"Clicca per scrivere Scelta 3"}},"ChoiceOrder":["1","2","3"],"Validation":{"Settings":{"ForceResponse":"OFF","ForceResponseType":"ON","Type":"None"}},"Language":[],"QuestionID":"QID6"}},{"SurveyID":"SV_38YUjWscRURnvhk","Element":"SQ","PrimaryAttribute":"QID7","SecondaryAttribute":"\u00a0","TertiaryAttribute":null,"Payload":{"QuestionText":"<span style=\"font-size:11px;\">&nbsp;<\/span>","DefaultChoices":false,"DataExportTag":"Q7","QuestionType":"MC","Selector":"SAVR","SubSelector":"TX","Configuration":{"QuestionDescriptionOption":"UseText"},"QuestionDescription":"\u00a0","Choices":{"1":{"Display":"Non utilizzo siti di social network."}},"ChoiceOrder":[1],"Validation":{"Settings":{"ForceResponse":"OFF","ForceResponseType":"ON","Type":"None"}},"GradingData":[],"Language":[],"QuestionID":"QID7"}},{"SurveyID":"SV_38YUjWscRURnvhk","Element":"SQ","PrimaryAttribute":"QID8","SecondaryAttribute":" Se non utilizzi alcun sito di social network e non li conosci, seleziona qui.","TertiaryAttribute":null,"Payload":{"QuestionText":"&nbsp;Se non utilizzi alcun sito di social network e non li conosci, seleziona qui.","DataExportTag":"Q8","QuestionType":"MC","Selector":"SAVR","SubSelector":"TX","Configuration":{"QuestionDescriptionOption":"UseText"},"QuestionDescription":" Se non utilizzi alcun sito di social network e non li conosci, seleziona qui.","Choices":{"1":{"Display":"<p style=\"font-size: 120%;\"><b><i>Non<\/i> utilizzo siti di social network.<\/b><\/p>"}},"ChoiceOrder":[1],"Validation":{"Settings":{"ForceResponse":"OFF","ForceResponseType":"ON","Type":"None"}},"Language":[],"QuestionID":"QID8"}},{"SurveyID":"SV_38YUjWscRURnvhk","Element":"SQ","PrimaryAttribute":"QID9","SecondaryAttribute":"Clicca per scrivere il testo della domanda","TertiaryAttribute":null,"Payload":{"QuestionText":"Clicca per scrivere il testo della domanda","DataExportTag":"Q9","QuestionType":"MC","Selector":"SAVR","SubSelector":"TX","Configuration":{"QuestionDescriptionOption":"UseText"},"QuestionDescription":"Clicca per scrivere il testo della domanda","Choices":{"1":{"Display":"Clicca per scrivere Scelta 1"},"2":{"Display":"Clicca per scrivere Scelta 2"},"3":{"Display":"Clicca per scrivere Scelta 3"}},"ChoiceOrder":["1","2","3"],"Validation":{"Settings":{"ForceResponse":"OFF","ForceResponseType":"ON","Type":"None"}},"Language":[],"QuestionID":"QID9"}}]}